// !$*UTF8*$!
{
	archiveVersion = 1;
	classes = {
	};
	objectVersion = 50;
	objects = {

/* Begin PBXBuildFile section */
		EF71FE9326E7603C0010AD4B /* BullsEyeApp.swift in Sources */ = {isa = PBXBuildFile; fileRef = EF71FE9226E7603C0010AD4B /* BullsEyeApp.swift */; };
		EF71FE9526E7603C0010AD4B /* ContentView.swift in Sources */ = {isa = PBXBuildFile; fileRef = EF71FE9426E7603C0010AD4B /* ContentView.swift */; };
		EF71FE9726E7603C0010AD4B /* Assets.xcassets in Resources */ = {isa = PBXBuildFile; fileRef = EF71FE9626E7603C0010AD4B /* Assets.xcassets */; };
		EF71FE9A26E7603C0010AD4B /* Preview Assets.xcassets in Resources */ = {isa = PBXBuildFile; fileRef = EF71FE9926E7603C0010AD4B /* Preview Assets.xcassets */; };
		EFD4835326ECC81400C737D1 /* LabelStyle.swift in Sources */ = {isa = PBXBuildFile; fileRef = EFD4835226ECC81400C737D1 /* LabelStyle.swift */; };
		EFD4835626ECC84D00C737D1 /* ValueStyle.swift in Sources */ = {isa = PBXBuildFile; fileRef = EFD4835526ECC84D00C737D1 /* ValueStyle.swift */; };
		EFD4835B26ECC9C900C737D1 /* Shadow.swift in Sources */ = {isa = PBXBuildFile; fileRef = EFD4835A26ECC9C900C737D1 /* Shadow.swift */; };
		EFD4F2FF26EDB23D004F278B /* ButtonLargeTextStyle.swift in Sources */ = {isa = PBXBuildFile; fileRef = EFD4F2FE26EDB23D004F278B /* ButtonLargeTextStyle.swift */; };
		EFD4F30226EDB257004F278B /* ButtonSmallTextStyle.swift in Sources */ = {isa = PBXBuildFile; fileRef = EFD4F30126EDB257004F278B /* ButtonSmallTextStyle.swift */; };
/* End PBXBuildFile section */

/* Begin PBXFileReference section */
		EF71FE8F26E7603C0010AD4B /* BullsEye.app */ = {isa = PBXFileReference; explicitFileType = wrapper.application; includeInIndex = 0; path = BullsEye.app; sourceTree = BUILT_PRODUCTS_DIR; };
		EF71FE9226E7603C0010AD4B /* BullsEyeApp.swift */ = {isa = PBXFileReference; lastKnownFileType = sourcecode.swift; path = BullsEyeApp.swift; sourceTree = "<group>"; };
		EF71FE9426E7603C0010AD4B /* ContentView.swift */ = {isa = PBXFileReference; lastKnownFileType = sourcecode.swift; path = ContentView.swift; sourceTree = "<group>"; };
		EF71FE9626E7603C0010AD4B /* Assets.xcassets */ = {isa = PBXFileReference; lastKnownFileType = folder.assetcatalog; path = Assets.xcassets; sourceTree = "<group>"; };
		EF71FE9926E7603C0010AD4B /* Preview Assets.xcassets */ = {isa = PBXFileReference; lastKnownFileType = folder.assetcatalog; path = "Preview Assets.xcassets"; sourceTree = "<group>"; };
		EF71FE9B26E7603C0010AD4B /* Info.plist */ = {isa = PBXFileReference; lastKnownFileType = text.plist.xml; path = Info.plist; sourceTree = "<group>"; };
		EFD4835226ECC81400C737D1 /* LabelStyle.swift */ = {isa = PBXFileReference; lastKnownFileType = sourcecode.swift; path = LabelStyle.swift; sourceTree = "<group>"; };
		EFD4835526ECC84D00C737D1 /* ValueStyle.swift */ = {isa = PBXFileReference; lastKnownFileType = sourcecode.swift; path = ValueStyle.swift; sourceTree = "<group>"; };
		EFD4835A26ECC9C900C737D1 /* Shadow.swift */ = {isa = PBXFileReference; lastKnownFileType = sourcecode.swift; path = Shadow.swift; sourceTree = "<group>"; };
		EFD4F2FE26EDB23D004F278B /* ButtonLargeTextStyle.swift */ = {isa = PBXFileReference; lastKnownFileType = sourcecode.swift; path = ButtonLargeTextStyle.swift; sourceTree = "<group>"; };
		EFD4F30126EDB257004F278B /* ButtonSmallTextStyle.swift */ = {isa = PBXFileReference; lastKnownFileType = sourcecode.swift; path = ButtonSmallTextStyle.swift; sourceTree = "<group>"; };
/* End PBXFileReference section */

/* Begin PBXFrameworksBuildPhase section */
		EF71FE8C26E7603C0010AD4B /* Frameworks */ = {
			isa = PBXFrameworksBuildPhase;
			buildActionMask = 2147483647;
			files = (
			);
			runOnlyForDeploymentPostprocessing = 0;
		};
/* End PBXFrameworksBuildPhase section */

/* Begin PBXGroup section */
		EF71FE8626E7603C0010AD4B = {
			isa = PBXGroup;
			children = (
				EF71FE9126E7603C0010AD4B /* BullsEye */,
				EF71FE9026E7603C0010AD4B /* Products */,
			);
			sourceTree = "<group>";
		};
		EF71FE9026E7603C0010AD4B /* Products */ = {
			isa = PBXGroup;
			children = (
				EF71FE8F26E7603C0010AD4B /* BullsEye.app */,
			);
			name = Products;
			sourceTree = "<group>";
		};
		EF71FE9126E7603C0010AD4B /* BullsEye */ = {
			isa = PBXGroup;
			children = (
				EF71FE9226E7603C0010AD4B /* BullsEyeApp.swift */,
				EF71FE9426E7603C0010AD4B /* ContentView.swift */,
				EFD4835926ECC9B900C737D1 /* Styling */,
				EF71FE9626E7603C0010AD4B /* Assets.xcassets */,
				EF71FE9B26E7603C0010AD4B /* Info.plist */,
				EF71FE9826E7603C0010AD4B /* Preview Content */,
			);
			path = BullsEye;
			sourceTree = "<group>";
		};
		EF71FE9826E7603C0010AD4B /* Preview Content */ = {
			isa = PBXGroup;
			children = (
				EF71FE9926E7603C0010AD4B /* Preview Assets.xcassets */,
			);
			path = "Preview Content";
			sourceTree = "<group>";
		};
		EFD4835926ECC9B900C737D1 /* Styling */ = {
			isa = PBXGroup;
			children = (
				EFD4835226ECC81400C737D1 /* LabelStyle.swift */,
				EFD4835526ECC84D00C737D1 /* ValueStyle.swift */,
				EFD4835A26ECC9C900C737D1 /* Shadow.swift */,
				EFD4F2FE26EDB23D004F278B /* ButtonLargeTextStyle.swift */,
				EFD4F30126EDB257004F278B /* ButtonSmallTextStyle.swift */,
			);
			path = Styling;
			sourceTree = "<group>";
		};
/* End PBXGroup section */

/* Begin PBXNativeTarget section */
		EF71FE8E26E7603C0010AD4B /* BullsEye */ = {
			isa = PBXNativeTarget;
			buildConfigurationList = EF71FE9E26E7603C0010AD4B /* Build configuration list for PBXNativeTarget "BullsEye" */;
			buildPhases = (
				EF71FE8B26E7603C0010AD4B /* Sources */,
				EF71FE8C26E7603C0010AD4B /* Frameworks */,
				EF71FE8D26E7603C0010AD4B /* Resources */,
			);
			buildRules = (
			);
			dependencies = (
			);
			name = BullsEye;
			productName = BullsEye;
			productReference = EF71FE8F26E7603C0010AD4B /* BullsEye.app */;
			productType = "com.apple.product-type.application";
		};
/* End PBXNativeTarget section */

/* Begin PBXProject section */
		EF71FE8726E7603C0010AD4B /* Project object */ = {
			isa = PBXProject;
			attributes = {
				LastSwiftUpdateCheck = 1240;
				LastUpgradeCheck = 1240;
				TargetAttributes = {
					EF71FE8E26E7603C0010AD4B = {
						CreatedOnToolsVersion = 12.4;
					};
				};
			};
			buildConfigurationList = EF71FE8A26E7603C0010AD4B /* Build configuration list for PBXProject "BullsEye" */;
			compatibilityVersion = "Xcode 9.3";
			developmentRegion = en;
			hasScannedForEncodings = 0;
			knownRegions = (
				en,
				Base,
			);
			mainGroup = EF71FE8626E7603C0010AD4B;
			productRefGroup = EF71FE9026E7603C0010AD4B /* Products */;
			projectDirPath = "";
			projectRoot = "";
			targets = (
				EF71FE8E26E7603C0010AD4B /* BullsEye */,
			);
		};
/* End PBXProject section */

/* Begin PBXResourcesBuildPhase section */
		EF71FE8D26E7603C0010AD4B /* Resources */ = {
			isa = PBXResourcesBuildPhase;
			buildActionMask = 2147483647;
			files = (
				EF71FE9A26E7603C0010AD4B /* Preview Assets.xcassets in Resources */,
				EF71FE9726E7603C0010AD4B /* Assets.xcassets in Resources */,
			);
			runOnlyForDeploymentPostprocessing = 0;
		};
/* End PBXResourcesBuildPhase section */

/* Begin PBXSourcesBuildPhase section */
		EF71FE8B26E7603C0010AD4B /* Sources */ = {
			isa = PBXSourcesBuildPhase;
			buildActionMask = 2147483647;
			files = (
				EF71FE9526E7603C0010AD4B /* ContentView.swift in Sources */,
				EFD4835626ECC84D00C737D1 /* ValueStyle.swift in Sources */,
				EFD4F30226EDB257004F278B /* ButtonSmallTextStyle.swift in Sources */,
				EFD4F2FF26EDB23D004F278B /* ButtonLargeTextStyle.swift in Sources */,
				EFD4835B26ECC9C900C737D1 /* Shadow.swift in Sources */,
				EFD4835326ECC81400C737D1 /* LabelStyle.swift in Sources */,
				EF71FE9326E7603C0010AD4B /* BullsEyeApp.swift in Sources */,
			);
			runOnlyForDeploymentPostprocessing = 0;
		};
/* End PBXSourcesBuildPhase section */

/* Begin XCBuildConfiguration section */
		EF71FE9C26E7603C0010AD4B /* Debug */ = {
			isa = XCBuildConfiguration;
			buildSettings = {
				ALWAYS_SEARCH_USER_PATHS = NO;
				CLANG_ANALYZER_NONNULL = YES;
				CLANG_ANALYZER_NUMBER_OBJECT_CONVERSION = YES_AGGRESSIVE;
				CLANG_CXX_LANGUAGE_STANDARD = "gnu++14";
				CLANG_CXX_LIBRARY = "libc++";
				CLANG_ENABLE_MODULES = YES;
				CLANG_ENABLE_OBJC_ARC = YES;
				CLANG_ENABLE_OBJC_WEAK = YES;
				CLANG_WARN_BLOCK_CAPTURE_AUTORELEASING = YES;
				CLANG_WARN_BOOL_CONVERSION = YES;
				CLANG_WARN_COMMA = YES;
				CLANG_WARN_CONSTANT_CONVERSION = YES;
				CLANG_WARN_DEPRECATED_OBJC_IMPLEMENTATIONS = YES;
				CLANG_WARN_DIRECT_OBJC_ISA_USAGE = YES_ERROR;
				CLANG_WARN_DOCUMENTATION_COMMENTS = YES;
				CLANG_WARN_EMPTY_BODY = YES;
				CLANG_WARN_ENUM_CONVERSION = YES;
				CLANG_WARN_INFINITE_RECURSION = YES;
				CLANG_WARN_INT_CONVERSION = YES;
				CLANG_WARN_NON_LITERAL_NULL_CONVERSION = YES;
				CLANG_WARN_OBJC_IMPLICIT_RETAIN_SELF = YES;
				CLANG_WARN_OBJC_LITERAL_CONVERSION = YES;
				CLANG_WARN_OBJC_ROOT_CLASS = YES_ERROR;
				CLANG_WARN_QUOTED_INCLUDE_IN_FRAMEWORK_HEADER = YES;
				CLANG_WARN_RANGE_LOOP_ANALYSIS = YES;
				CLANG_WARN_STRICT_PROTOTYPES = YES;
				CLANG_WARN_SUSPICIOUS_MOVE = YES;
				CLANG_WARN_UNGUARDED_AVAILABILITY = YES_AGGRESSIVE;
				CLANG_WARN_UNREACHABLE_CODE = YES;
				CLANG_WARN__DUPLICATE_METHOD_MATCH = YES;
				COPY_PHASE_STRIP = NO;
				DEBUG_INFORMATION_FORMAT = dwarf;
				ENABLE_STRICT_OBJC_MSGSEND = YES;
				ENABLE_TESTABILITY = YES;
				GCC_C_LANGUAGE_STANDARD = gnu11;
				GCC_DYNAMIC_NO_PIC = NO;
				GCC_NO_COMMON_BLOCKS = YES;
				GCC_OPTIMIZATION_LEVEL = 0;
				GCC_PREPROCESSOR_DEFINITIONS = (
					"DEBUG=1",
					"$(inherited)",
				);
				GCC_WARN_64_TO_32_BIT_CONVERSION = YES;
				GCC_WARN_ABOUT_RETURN_TYPE = YES_ERROR;
				GCC_WARN_UNDECLARED_SELECTOR = YES;
				GCC_WARN_UNINITIALIZED_AUTOS = YES_AGGRESSIVE;
				GCC_WARN_UNUSED_FUNCTION = YES;
				GCC_WARN_UNUSED_VARIABLE = YES;
				IPHONEOS_DEPLOYMENT_TARGET = 14.4;
				MTL_ENABLE_DEBUG_INFO = INCLUDE_SOURCE;
				MTL_FAST_MATH = YES;
				ONLY_ACTIVE_ARCH = YES;
				SDKROOT = iphoneos;
				SWIFT_ACTIVE_COMPILATION_CONDITIONS = DEBUG;
				SWIFT_OPTIMIZATION_LEVEL = "-Onone";
			};
			name = Debug;
		};
		EF71FE9D26E7603C0010AD4B /* Release */ = {
			isa = XCBuildConfiguration;
			buildSettings = {
				ALWAYS_SEARCH_USER_PATHS = NO;
				CLANG_ANALYZER_NONNULL = YES;
				CLANG_ANALYZER_NUMBER_OBJECT_CONVERSION = YES_AGGRESSIVE;
				CLANG_CXX_LANGUAGE_STANDARD = "gnu++14";
				CLANG_CXX_LIBRARY = "libc++";
				CLANG_ENABLE_MODULES = YES;
				CLANG_ENABLE_OBJC_ARC = YES;
				CLANG_ENABLE_OBJC_WEAK = YES;
				CLANG_WARN_BLOCK_CAPTURE_AUTORELEASING = YES;
				CLANG_WARN_BOOL_CONVERSION = YES;
				CLANG_WARN_COMMA = YES;
				CLANG_WARN_CONSTANT_CONVERSION = YES;
				CLANG_WARN_DEPRECATED_OBJC_IMPLEMENTATIONS = YES;
				CLANG_WARN_DIRECT_OBJC_ISA_USAGE = YES_ERROR;
				CLANG_WARN_DOCUMENTATION_COMMENTS = YES;
				CLANG_WARN_EMPTY_BODY = YES;
				CLANG_WARN_ENUM_CONVERSION = YES;
				CLANG_WARN_INFINITE_RECURSION = YES;
				CLANG_WARN_INT_CONVERSION = YES;
				CLANG_WARN_NON_LITERAL_NULL_CONVERSION = YES;
				CLANG_WARN_OBJC_IMPLICIT_RETAIN_SELF = YES;
				CLANG_WARN_OBJC_LITERAL_CONVERSION = YES;
				CLANG_WARN_OBJC_ROOT_CLASS = YES_ERROR;
				CLANG_WARN_QUOTED_INCLUDE_IN_FRAMEWORK_HEADER = YES;
				CLANG_WARN_RANGE_LOOP_ANALYSIS = YES;
				CLANG_WARN_STRICT_PROTOTYPES = YES;
				CLANG_WARN_SUSPICIOUS_MOVE = YES;
				CLANG_WARN_UNGUARDED_AVAILABILITY = YES_AGGRESSIVE;
				CLANG_WARN_UNREACHABLE_CODE = YES;
				CLANG_WARN__DUPLICATE_METHOD_MATCH = YES;
				COPY_PHASE_STRIP = NO;
				DEBUG_INFORMATION_FORMAT = "dwarf-with-dsym";
				ENABLE_NS_ASSERTIONS = NO;
				ENABLE_STRICT_OBJC_MSGSEND = YES;
				GCC_C_LANGUAGE_STANDARD = gnu11;
				GCC_NO_COMMON_BLOCKS = YES;
				GCC_WARN_64_TO_32_BIT_CONVERSION = YES;
				GCC_WARN_ABOUT_RETURN_TYPE = YES_ERROR;
				GCC_WARN_UNDECLARED_SELECTOR = YES;
				GCC_WARN_UNINITIALIZED_AUTOS = YES_AGGRESSIVE;
				GCC_WARN_UNUSED_FUNCTION = YES;
				GCC_WARN_UNUSED_VARIABLE = YES;
				IPHONEOS_DEPLOYMENT_TARGET = 14.4;
				MTL_ENABLE_DEBUG_INFO = NO;
				MTL_FAST_MATH = YES;
				SDKROOT = iphoneos;
				SWIFT_COMPILATION_MODE = wholemodule;
				SWIFT_OPTIMIZATION_LEVEL = "-O";
				VALIDATE_PRODUCT = YES;
			};
			name = Release;
		};
		EF71FE9F26E7603C0010AD4B /* Debug */ = {
			isa = XCBuildConfiguration;
			buildSettings = {
				ASSETCATALOG_COMPILER_APPICON_NAME = AppIcon;
				ASSETCATALOG_COMPILER_GLOBAL_ACCENT_COLOR_NAME = AccentColor;
				CODE_SIGN_STYLE = Automatic;
				DEVELOPMENT_ASSET_PATHS = "\"BullsEye/Preview Content\"";
				ENABLE_PREVIEWS = YES;
				INFOPLIST_FILE = BullsEye/Info.plist;
				IPHONEOS_DEPLOYMENT_TARGET = 14.0;
				LD_RUNPATH_SEARCH_PATHS = (
					"$(inherited)",
					"@executable_path/Frameworks",
				);
				PRODUCT_BUNDLE_IDENTIFIER = com.exdevs.BullsEye;
				PRODUCT_NAME = "$(TARGET_NAME)";
				SWIFT_VERSION = 5.0;
				TARGETED_DEVICE_FAMILY = "1,2";
			};
			name = Debug;
		};
		EF71FEA026E7603C0010AD4B /* Release */ = {
			isa = XCBuildConfiguration;
			buildSettings = {
				ASSETCATALOG_COMPILER_APPICON_NAME = AppIcon;
				ASSETCATALOG_COMPILER_GLOBAL_ACCENT_COLOR_NAME = AccentColor;
				CODE_SIGN_STYLE = Automatic;
				DEVELOPMENT_ASSET_PATHS = "\"BullsEye/Preview Content\"";
				ENABLE_PREVIEWS = YES;
				INFOPLIST_FILE = BullsEye/Info.plist;
				IPHONEOS_DEPLOYMENT_TARGET = 14.0;
				LD_RUNPATH_SEARCH_PATHS = (
					"$(inherited)",
					"@executable_path/Frameworks",
				);
				PRODUCT_BUNDLE_IDENTIFIER = com.exdevs.BullsEye;
				PRODUCT_NAME = "$(TARGET_NAME)";
				SWIFT_VERSION = 5.0;
				TARGETED_DEVICE_FAMILY = "1,2";
			};
			name = Release;
		};
/* End XCBuildConfiguration section */

/* Begin XCConfigurationList section */
		EF71FE8A26E7603C0010AD4B /* Build configuration list for PBXProject "BullsEye" */ = {
			isa = XCConfigurationList;
			buildConfigurations = (
				EF71FE9C26E7603C0010AD4B /* Debug */,
				EF71FE9D26E7603C0010AD4B /* Release */,
			);
			defaultConfigurationIsVisible = 0;
			defaultConfigurationName = Release;
		};
		EF71FE9E26E7603C0010AD4B /* Build configuration list for PBXNativeTarget "BullsEye" */ = {
			isa = XCConfigurationList;
			buildConfigurations = (
				EF71FE9F26E7603C0010AD4B /* Debug */,
				EF71FEA026E7603C0010AD4B /* Release */,
			);
			defaultConfigurationIsVisible = 0;
			defaultConfigurationName = Release;
		};
/* End XCConfigurationList section */
	};
	rootObject = EF71FE8726E7603C0010AD4B /* Project object */;
}
